
Microsoft Visual Studio Solution File, Format Version 12.00
# Visual Studio Version 16
VisualStudioVersion = 16.0.32228.343
MinimumVisualStudioVersion = 10.0.40219.1
Project("{FAE04EC0-301F-11D3-BF4B-00C04F79EFBC}") = "RevitAPITrainingPlotExport", "RevitAPITrainingPlotExport.csproj", "{775E5E63-A53F-4FC4-B543-0A8609D4E9B4}"
EndProject
Global
	GlobalSection(SolutionConfigurationPlatforms) = preSolution
		Debug|Any CPU = Debug|Any CPU
		Release|Any CPU = Release|Any CPU
	EndGlobalSection
	GlobalSection(ProjectConfigurationPlatforms) = postSolution
		{775E5E63-A53F-4FC4-B543-0A8609D4E9B4}.Debug|Any CPU.ActiveCfg = Debug|Any CPU
		{775E5E63-A53F-4FC4-B543-0A8609D4E9B4}.Debug|Any CPU.Build.0 = Debug|Any CPU
		{775E5E63-A53F-4FC4-B543-0A8609D4E9B4}.Release|Any CPU.ActiveCfg = Release|Any CPU
		{775E5E63-A53F-4FC4-B543-0A8609D4E9B4}.Release|Any CPU.Build.0 = Release|Any CPU
	EndGlobalSection
	GlobalSection(SolutionProperties) = preSolution
		HideSolutionNode = FALSE
	EndGlobalSection
	GlobalSection(ExtensibilityGlobals) = postSolution
		SolutionGuid = {8440E8CC-7D69-4BFD-93CE-E38898A78BC6}
	EndGlobalSection
EndGlobal
